
Microsoft Visual Studio Solution File, Format Version 12.00
# Visual Studio Version 16
VisualStudioVersion = 16.0.29728.190
MinimumVisualStudioVersion = 10.0.40219.1
Project("{FAE04EC0-301F-11D3-BF4B-00C04F79EFBC}") = "Geometry-Vector-Graphics-Editor", "Geometry-Vector-Graphics-Editor\Geometry-Vector-Graphics-Editor.csproj", "{92781727-1BA8-4B69-8C54-7F7B087A58BF}"
EndProject
Global
	GlobalSection(SolutionConfigurationPlatforms) = preSolution
		Debug|Any CPU = Debug|Any CPU
		Release|Any CPU = Release|Any CPU
	EndGlobalSection
	GlobalSection(ProjectConfigurationPlatforms) = postSolution
		{92781727-1BA8-4B69-8C54-7F7B087A58BF}.Debug|Any CPU.ActiveCfg = Debug|Any CPU
		{92781727-1BA8-4B69-8C54-7F7B087A58BF}.Debug|Any CPU.Build.0 = Debug|Any CPU
		{92781727-1BA8-4B69-8C54-7F7B087A58BF}.Release|Any CPU.ActiveCfg = Release|Any CPU
		{92781727-1BA8-4B69-8C54-7F7B087A58BF}.Release|Any CPU.Build.0 = Release|Any CPU
	EndGlobalSection
	GlobalSection(SolutionProperties) = preSolution
		HideSolutionNode = FALSE
	EndGlobalSection
	GlobalSection(ExtensibilityGlobals) = postSolution
		SolutionGuid = {ED6EFB70-46A5-4B4E-8AC3-2FD511796FA0}
	EndGlobalSection
EndGlobal
